{
    "_readme": [
        "This file locks the dependencies of your project to a known state",
        "Read more about it at http://getcomposer.org/doc/01-basic-usage.md#composer-lock-the-lock-file"
    ],
    "hash": "8ddd1a6d153e858cb33b7f551bea1560",
    "packages": [
        {
            "name": "asm89/twig-lint",
            "version": "dev-master",
            "source": {
                "type": "git",
                "url": "https://github.com/asm89/twig-lint.git",
                "reference": "8d77933e1693787debd00a5f906f3ee8dc93e18c"
            },
            "dist": {
                "type": "zip",
                "url": "https://api.github.com/repos/asm89/twig-lint/zipball/8d77933e1693787debd00a5f906f3ee8dc93e18c",
                "reference": "8d77933e1693787debd00a5f906f3ee8dc93e18c",
                "shasum": ""
            },
            "require": {
                "symfony/console": "~2.1@dev",
                "symfony/finder": "~2.1",
                "twig/twig": "1.*"
            },
            "bin": [
                "bin/twig-lint"
            ],
            "type": "library",
            "autoload": {
                "psr-0": {
                    "Asm89\\Twig\\Lint\\": "src/"
                }
            },
            "notification-url": "https://packagist.org/downloads/",
            "license": [
                "MIT"
            ],
            "authors": [
                {
                    "name": "Alexander",
                    "email": "iam.asm89@gmail.com"
                }
            ],
            "description": "Standalone twig linter.",
            "homepage": "https://github.com/asm89/twig-lint",
            "keywords": [
                "lint",
                "twig"
            ],
            "time": "2013-01-22 12:22:13"
        },
        {
            "name": "eher/phpwatch",
            "version": "1.2",
            "source": {
                "type": "git",
                "url": "https://github.com/EHER/phpwatch.git",
                "reference": "8a5e873bd1a6a6c9b87e9c8167e57a036851edfc"
            },
            "dist": {
                "type": "zip",
                "url": "https://api.github.com/repos/EHER/phpwatch/zipball/8a5e873bd1a6a6c9b87e9c8167e57a036851edfc",
                "reference": "8a5e873bd1a6a6c9b87e9c8167e57a036851edfc",
                "shasum": ""
            },
            "require": {
                "maximebf/consolekit": "@dev",
                "symfony/finder": "v2.1.4"
            },
            "require-dev": {
                "behat/behat": "v2.4.4"
            },
            "bin": [
                "bin/phpwatch"
            ],
            "type": "library",
            "autoload": {
                "psr-0": {
                    "Eher\\PHPWatch": "src/"
                }
            },
            "notification-url": "https://packagist.org/downloads/",
            "license": [
                "BSD-3-Clause"
            ],
            "authors": [
                {
                    "name": "Eher",
                    "email": "alexandre@eher.com.br"
                }
            ],
            "description": "Command line client that allow you to run arbitrary shell commands whenever changes occur in a list of specified files",
            "time": "2012-12-05 02:44:22"
        },
        {
            "name": "fabpot/php-cs-fixer",
            "version": "v0.3.0",
            "source": {
                "type": "git",
                "url": "https://github.com/fabpot/PHP-CS-Fixer.git",
                "reference": "f6c4f78b3e34c1c67c8ae4543f5d4b7232e23011"
            },
            "dist": {
                "type": "zip",
                "url": "https://api.github.com/repos/fabpot/PHP-CS-Fixer/zipball/f6c4f78b3e34c1c67c8ae4543f5d4b7232e23011",
                "reference": "f6c4f78b3e34c1c67c8ae4543f5d4b7232e23011",
                "shasum": ""
            },
            "require": {
                "php": ">=5.3.3",
                "sebastian/diff": "1.0.*@dev",
                "symfony/console": "~2.1",
                "symfony/filesystem": "~2.1",
                "symfony/finder": "~2.1"
            },
            "bin": [
                "php-cs-fixer"
            ],
            "type": "application",
            "extra": {
                "branch-alias": {
                    "dev-master": "0.3.x-dev"
                }
            },
            "autoload": {
                "psr-0": {
                    "Symfony\\CS": "."
                }
            },
            "notification-url": "https://packagist.org/downloads/",
            "license": [
                "MIT"
            ],
            "authors": [
                {
                    "name": "Fabien Potencier",
                    "email": "fabien@symfony.com"
                }
            ],
            "description": "A script to automatically fix Symfony Coding Standard",
            "time": "2013-09-23 10:31:06"
        },
        {
            "name": "maximebf/consolekit",
            "version": "1.0.3",
            "source": {
                "type": "git",
                "url": "https://github.com/maximebf/ConsoleKit.git",
                "reference": "c46403e2cf98e8413168c523bdbb7c13a386abe5"
            },
            "dist": {
                "type": "zip",
                "url": "https://api.github.com/repos/maximebf/ConsoleKit/zipball/c46403e2cf98e8413168c523bdbb7c13a386abe5",
                "reference": "c46403e2cf98e8413168c523bdbb7c13a386abe5",
                "shasum": ""
            },
            "require": {
                "php": ">=5.3.0"
            },
            "type": "library",
            "autoload": {
                "psr-0": {
                    "ConsoleKit": "src/"
                }
            },
            "notification-url": "https://packagist.org/downloads/",
            "license": [
                "MIT"
            ],
            "authors": [
                {
                    "name": "Maxime Bouroumeau-Fuseau",
                    "email": "maxime.bouroumeau@gmail.com",
                    "homepage": "http://maximebf.com"
                }
            ],
            "description": "Library to create command line utilities",
            "homepage": "https://github.com/maximebf/ConsoleKit",
            "keywords": [
                "cli",
                "commands",
                "console",
                "shell"
            ],
            "time": "2013-01-01 16:03:55"
        },
        {
            "name": "mockery/mockery",
            "version": "0.7.2",
            "source": {
                "type": "git",
                "url": "https://github.com/padraic/mockery.git",
                "reference": "10ef0f8a63392f244e5b19de261b6a08eb8e4109"
            },
            "dist": {
                "type": "zip",
                "url": "https://api.github.com/repos/padraic/mockery/zipball/10ef0f8a63392f244e5b19de261b6a08eb8e4109",
                "reference": "10ef0f8a63392f244e5b19de261b6a08eb8e4109",
                "shasum": ""
            },
            "require": {
                "php": ">=5.3.2"
            },
            "suggest": {
                "Hamcrest": "1.0.0"
            },
            "type": "library",
            "autoload": {
                "psr-0": {
                    "Mockery": "library/"
                }
            },
            "notification-url": "https://packagist.org/downloads/",
            "license": [
                "New BSD"
            ],
            "authors": [
                {
                    "name": "Pádraic Brady",
                    "email": "padraic.brady@gmail.com",
                    "homepage": "http://blog.astrumfutura.com"
                }
            ],
            "description": "Mockery is a simple yet flexible PHP mock object framework for use in unit testing with PHPUnit, PHPSpec or any other testing framework. Its core goal is to offer a test double framework with a succint API capable of clearly defining all possible object operations and interactions using a human readable Domain Specific Language (DSL). Designed as a drop in alternative to PHPUnit's phpunit-mock-objects library, Mockery is easy to integrate with PHPUnit and can operate alongside phpunit-mock-objects without the World ending.",
            "homepage": "http://github.com/padraic/mockery",
            "keywords": [
                "BDD",
                "TDD",
                "library",
                "mock",
                "mock objects",
                "mockery",
                "stub",
                "test",
                "test double",
                "testing"
            ],
            "time": "2012-01-24 20:22:39"
        },
        {
            "name": "pdepend/pdepend",
            "version": "1.1.1",
            "source": {
                "type": "git",
                "url": "https://github.com/pdepend/pdepend.git",
                "reference": "6fcfb7666c95f341b42f02c94a47b3a51ed484e0"
            },
            "dist": {
                "type": "zip",
                "url": "https://api.github.com/repos/pdepend/pdepend/zipball/6fcfb7666c95f341b42f02c94a47b3a51ed484e0",
                "reference": "6fcfb7666c95f341b42f02c94a47b3a51ed484e0",
                "shasum": ""
            },
            "require": {
                "php": ">=5.2.3"
            },
            "bin": [
                "src/bin/pdepend"
            ],
            "type": "library",
            "notification-url": "https://packagist.org/downloads/",
            "description": "Official version of pdepend to be handled with Composer",
            "time": "2013-07-25 19:23:48"
        },
        {
            "name": "phpmd/phpmd",
            "version": "1.5.0",
            "source": {
                "type": "git",
                "url": "https://github.com/phpmd/phpmd.git",
                "reference": "692b7b1b64518091b2b1bea91b489dbb13598c07"
            },
            "dist": {
                "type": "zip",
                "url": "https://api.github.com/repos/phpmd/phpmd/zipball/692b7b1b64518091b2b1bea91b489dbb13598c07",
                "reference": "692b7b1b64518091b2b1bea91b489dbb13598c07",
                "shasum": ""
            },
            "require": {
                "pdepend/pdepend": ">=1.1.1",
                "php": ">=5.3.0"
            },
            "bin": [
                "src/bin/phpmd"
            ],
            "type": "library",
            "notification-url": "https://packagist.org/downloads/",
            "include-path": [
                "../../pdepend/pdepend/src/main/php",
                "src/main/php"
            ],
            "description": "Official version of PHPMD handled with Composer.",
            "time": "2013-07-26 14:47:02"
        },
        {
            "name": "phpspec/phpspec",
            "version": "1.4.3",
            "source": {
                "type": "git",
                "url": "https://github.com/phpspec/phpspec.git",
                "reference": "cb54c94f89a5e1f4098363e19ccfe624b3e5346f"
            },
            "dist": {
                "type": "zip",
                "url": "https://api.github.com/repos/phpspec/phpspec/zipball/cb54c94f89a5e1f4098363e19ccfe624b3e5346f",
                "reference": "cb54c94f89a5e1f4098363e19ccfe624b3e5346f",
                "shasum": ""
            },
            "require": {
                "mockery/mockery": "0.7.*",
                "php": ">=5.3.2",
                "sebastianbergmann/php-text-template": "1.1.1"
            },
            "bin": [
                "scripts/phpspec.php"
            ],
            "type": "library",
            "autoload": {
                "psr-0": {
                    "PHPSpec": "src/"
                }
            },
            "notification-url": "https://packagist.org/downloads/",
            "license": [
                "LGPL"
            ],
            "authors": [
                {
                    "name": "PHPSpec Team",
                    "homepage": "https://github.com/phpspec/phpspec/contributors"
                }
            ],
            "description": "PHPSpec: The BDD Specification Library",
            "homepage": "http://phpspec.net",
            "keywords": [
                "BDD",
                "spec",
                "test"
            ],
            "time": "2012-10-03 14:07:08"
        },
        {
            "name": "phpunit/php-code-coverage",
            "version": "1.2.13",
            "source": {
                "type": "git",
                "url": "https://github.com/sebastianbergmann/php-code-coverage.git",
                "reference": "466e7cd2554b4e264c9e3f31216d25ac0e5f3d94"
            },
            "dist": {
                "type": "zip",
                "url": "https://api.github.com/repos/sebastianbergmann/php-code-coverage/zipball/466e7cd2554b4e264c9e3f31216d25ac0e5f3d94",
                "reference": "466e7cd2554b4e264c9e3f31216d25ac0e5f3d94",
                "shasum": ""
            },
            "require": {
                "php": ">=5.3.3",
                "phpunit/php-file-iterator": ">=1.3.0@stable",
                "phpunit/php-text-template": ">=1.1.1@stable",
                "phpunit/php-token-stream": ">=1.1.3@stable"
            },
            "require-dev": {
                "phpunit/phpunit": "3.7.*@dev"
            },
            "suggest": {
                "ext-dom": "*",
                "ext-xdebug": ">=2.0.5"
            },
            "type": "library",
            "extra": {
                "branch-alias": {
                    "dev-master": "1.2.x-dev"
                }
            },
            "autoload": {
                "classmap": [
                    "PHP/"
                ]
            },
            "notification-url": "https://packagist.org/downloads/",
            "include-path": [
                ""
            ],
            "license": [
                "BSD-3-Clause"
            ],
            "authors": [
                {
                    "name": "Sebastian Bergmann",
                    "email": "sb@sebastian-bergmann.de",
                    "role": "lead"
                }
            ],
            "description": "Library that provides collection, processing, and rendering functionality for PHP code coverage information.",
            "homepage": "https://github.com/sebastianbergmann/php-code-coverage",
            "keywords": [
                "coverage",
                "testing",
                "xunit"
            ],
            "time": "2013-09-10 08:14:32"
        },
        {
            "name": "phpunit/php-file-iterator",
            "version": "1.3.4",
            "source": {
                "type": "git",
                "url": "https://github.com/sebastianbergmann/php-file-iterator.git",
                "reference": "acd690379117b042d1c8af1fafd61bde001bf6bb"
            },
            "dist": {
                "type": "zip",
                "url": "https://api.github.com/repos/sebastianbergmann/php-file-iterator/zipball/acd690379117b042d1c8af1fafd61bde001bf6bb",
                "reference": "acd690379117b042d1c8af1fafd61bde001bf6bb",
                "shasum": ""
            },
            "require": {
                "php": ">=5.3.3"
            },
            "type": "library",
            "autoload": {
                "classmap": [
                    "File/"
                ]
            },
            "notification-url": "https://packagist.org/downloads/",
            "include-path": [
                ""
            ],
            "license": [
                "BSD-3-Clause"
            ],
            "authors": [
                {
                    "name": "Sebastian Bergmann",
                    "email": "sb@sebastian-bergmann.de",
                    "role": "lead"
                }
            ],
            "description": "FilterIterator implementation that filters files based on a list of suffixes.",
            "homepage": "https://github.com/sebastianbergmann/php-file-iterator/",
            "keywords": [
                "filesystem",
                "iterator"
            ],
            "time": "2013-10-10 15:34:57"
        },
        {
            "name": "phpunit/php-text-template",
            "version": "1.1.4",
            "source": {
                "type": "git",
                "url": "https://github.com/sebastianbergmann/php-text-template.git",
                "reference": "5180896f51c5b3648ac946b05f9ec02be78a0b23"
            },
            "dist": {
                "type": "zip",
                "url": "https://api.github.com/repos/sebastianbergmann/php-text-template/zipball/5180896f51c5b3648ac946b05f9ec02be78a0b23",
                "reference": "5180896f51c5b3648ac946b05f9ec02be78a0b23",
                "shasum": ""
            },
            "require": {
                "php": ">=5.3.3"
            },
            "type": "library",
            "autoload": {
                "classmap": [
                    "Text/"
                ]
            },
            "notification-url": "https://packagist.org/downloads/",
            "include-path": [
                ""
            ],
            "license": [
                "BSD-3-Clause"
            ],
            "authors": [
                {
                    "name": "Sebastian Bergmann",
                    "email": "sb@sebastian-bergmann.de",
                    "role": "lead"
                }
            ],
            "description": "Simple template engine.",
            "homepage": "https://github.com/sebastianbergmann/php-text-template/",
            "keywords": [
                "template"
            ],
            "time": "2012-10-31 18:15:28"
        },
        {
            "name": "phpunit/php-timer",
            "version": "1.0.5",
            "source": {
                "type": "git",
                "url": "https://github.com/sebastianbergmann/php-timer.git",
                "reference": "19689d4354b295ee3d8c54b4f42c3efb69cbc17c"
            },
            "dist": {
                "type": "zip",
                "url": "https://api.github.com/repos/sebastianbergmann/php-timer/zipball/19689d4354b295ee3d8c54b4f42c3efb69cbc17c",
                "reference": "19689d4354b295ee3d8c54b4f42c3efb69cbc17c",
                "shasum": ""
            },
            "require": {
                "php": ">=5.3.3"
            },
            "type": "library",
            "autoload": {
                "classmap": [
                    "PHP/"
                ]
            },
            "notification-url": "https://packagist.org/downloads/",
            "include-path": [
                ""
            ],
            "license": [
                "BSD-3-Clause"
            ],
            "authors": [
                {
                    "name": "Sebastian Bergmann",
                    "email": "sb@sebastian-bergmann.de",
                    "role": "lead"
                }
            ],
            "description": "Utility class for timing",
            "homepage": "https://github.com/sebastianbergmann/php-timer/",
            "keywords": [
                "timer"
            ],
            "time": "2013-08-02 07:42:54"
        },
        {
            "name": "phpunit/php-token-stream",
            "version": "1.2.1",
            "source": {
                "type": "git",
                "url": "https://github.com/sebastianbergmann/php-token-stream.git",
                "reference": "5220af2a7929aa35cf663d97c89ad3d50cf5fa3e"
            },
            "dist": {
                "type": "zip",
                "url": "https://api.github.com/repos/sebastianbergmann/php-token-stream/zipball/5220af2a7929aa35cf663d97c89ad3d50cf5fa3e",
                "reference": "5220af2a7929aa35cf663d97c89ad3d50cf5fa3e",
                "shasum": ""
            },
            "require": {
                "ext-tokenizer": "*",
                "php": ">=5.3.3"
            },
            "type": "library",
            "extra": {
                "branch-alias": {
                    "dev-master": "1.2-dev"
                }
            },
            "autoload": {
                "classmap": [
                    "PHP/"
                ]
            },
            "notification-url": "https://packagist.org/downloads/",
            "include-path": [
                ""
            ],
            "license": [
                "BSD-3-Clause"
            ],
            "authors": [
                {
                    "name": "Sebastian Bergmann",
                    "email": "sb@sebastian-bergmann.de",
                    "role": "lead"
                }
            ],
            "description": "Wrapper around PHP's tokenizer extension.",
            "homepage": "https://github.com/sebastianbergmann/php-token-stream/",
            "keywords": [
                "tokenizer"
            ],
            "time": "2013-09-13 04:58:23"
        },
        {
            "name": "phpunit/phpunit",
            "version": "3.7.28",
            "source": {
                "type": "git",
                "url": "https://github.com/sebastianbergmann/phpunit.git",
                "reference": "3b97c8492bcafbabe6b6fbd2ab35f2f04d932a8d"
            },
            "dist": {
                "type": "zip",
                "url": "https://api.github.com/repos/sebastianbergmann/phpunit/zipball/3b97c8492bcafbabe6b6fbd2ab35f2f04d932a8d",
                "reference": "3b97c8492bcafbabe6b6fbd2ab35f2f04d932a8d",
                "shasum": ""
            },
            "require": {
                "ext-dom": "*",
                "ext-pcre": "*",
                "ext-reflection": "*",
                "ext-spl": "*",
                "php": ">=5.3.3",
                "phpunit/php-code-coverage": "~1.2.1",
                "phpunit/php-file-iterator": ">=1.3.1",
                "phpunit/php-text-template": ">=1.1.1",
                "phpunit/php-timer": ">=1.0.4",
                "phpunit/phpunit-mock-objects": "~1.2.0",
                "symfony/yaml": "~2.0"
            },
            "require-dev": {
                "pear-pear/pear": "1.9.4"
            },
            "suggest": {
                "ext-json": "*",
                "ext-simplexml": "*",
                "ext-tokenizer": "*",
                "phpunit/php-invoker": ">=1.1.0,<1.2.0"
            },
            "bin": [
                "composer/bin/phpunit"
            ],
            "type": "library",
            "extra": {
                "branch-alias": {
                    "dev-master": "3.7.x-dev"
                }
            },
            "autoload": {
                "classmap": [
                    "PHPUnit/"
                ]
            },
            "notification-url": "https://packagist.org/downloads/",
            "include-path": [
                "",
                "../../symfony/yaml/"
            ],
            "license": [
                "BSD-3-Clause"
            ],
            "authors": [
                {
                    "name": "Sebastian Bergmann",
                    "email": "sebastian@phpunit.de",
                    "role": "lead"
                }
            ],
            "description": "The PHP Unit Testing framework.",
            "homepage": "http://www.phpunit.de/",
            "keywords": [
                "phpunit",
                "testing",
                "xunit"
            ],
            "time": "2013-10-17 07:27:40"
        },
        {
            "name": "phpunit/phpunit-mock-objects",
            "version": "1.2.3",
            "source": {
                "type": "git",
                "url": "https://github.com/sebastianbergmann/phpunit-mock-objects.git",
                "reference": "5794e3c5c5ba0fb037b11d8151add2a07fa82875"
            },
            "dist": {
                "type": "zip",
                "url": "https://api.github.com/repos/sebastianbergmann/phpunit-mock-objects/zipball/5794e3c5c5ba0fb037b11d8151add2a07fa82875",
                "reference": "5794e3c5c5ba0fb037b11d8151add2a07fa82875",
                "shasum": ""
            },
            "require": {
                "php": ">=5.3.3",
                "phpunit/php-text-template": ">=1.1.1@stable"
            },
            "suggest": {
                "ext-soap": "*"
            },
            "type": "library",
            "autoload": {
                "classmap": [
                    "PHPUnit/"
                ]
            },
            "notification-url": "https://packagist.org/downloads/",
            "include-path": [
                ""
            ],
            "license": [
                "BSD-3-Clause"
            ],
            "authors": [
                {
                    "name": "Sebastian Bergmann",
                    "email": "sb@sebastian-bergmann.de",
                    "role": "lead"
                }
            ],
            "description": "Mock Object library for PHPUnit",
            "homepage": "https://github.com/sebastianbergmann/phpunit-mock-objects/",
            "keywords": [
                "mock",
                "xunit"
            ],
            "time": "2013-01-13 10:24:48"
        },
        {
            "name": "sebastian/diff",
            "version": "1.0.0",
            "source": {
                "type": "git",
                "url": "https://github.com/sebastianbergmann/diff.git",
                "reference": "6affc0bf53304452d7f296588f6d5837070b4789"
            },
            "dist": {
                "type": "zip",
                "url": "https://api.github.com/repos/sebastianbergmann/diff/zipball/6affc0bf53304452d7f296588f6d5837070b4789",
                "reference": "6affc0bf53304452d7f296588f6d5837070b4789",
                "shasum": ""
            },
            "require": {
                "php": ">=5.3.3"
            },
            "type": "library",
            "extra": {
                "branch-alias": {
                    "dev-master": "1.0.x-dev"
                }
            },
            "autoload": {
                "classmap": [
                    "src/"
                ]
            },
            "notification-url": "https://packagist.org/downloads/",
            "license": [
                "BSD-3-Clause"
            ],
            "authors": [
                {
                    "name": "Sebastian Bergmann",
                    "email": "sebastian@phpunit.de",
                    "role": "lead"
                },
                {
                    "name": "Kore Nordmann",
                    "email": "mail@kore-nordmann.de"
                }
            ],
            "description": "Diff implementation",
            "homepage": "http://www.github.com/sebastianbergmann/diff",
            "keywords": [
                "diff"
            ],
            "time": "2013-07-09 05:45:26"
        },
        {
            "name": "sebastianbergmann/php-text-template",
            "version": "1.1.1",
            "source": {
                "type": "git",
                "url": "https://github.com/MarcelloDuarte/php-text-template.git",
                "reference": "c5273979d2df13acfc345cca71c1394b25bfd9f2"
            },
            "dist": {
                "type": "zip",
                "url": "https://api.github.com/repos/MarcelloDuarte/php-text-template/zipball/c5273979d2df13acfc345cca71c1394b25bfd9f2",
                "reference": "c5273979d2df13acfc345cca71c1394b25bfd9f2",
                "shasum": ""
            },
            "require": {
                "php": ">=5.2.7"
            },
            "type": "library",
            "autoload": {
                "psr-0": {
                    "Text": ""
                }
            },
            "notification-url": "https://packagist.org/downloads/",
            "license": [
                "The BSD 3-Clause License"
            ],
            "authors": [
                {
                    "name": "Sebastian Bergmann",
                    "homepage": "http://sebastian-bergmann.de/"
                }
            ],
            "description": "Text_Template: Simple template engine",
            "homepage": "https://github.com/sebastianbergmann/php-text-template",
            "keywords": [
                "template"
            ],
            "time": "2012-08-01 15:45:04"
        },
        {
            "name": "squizlabs/php_codesniffer",
            "version": "1.4.7",
            "source": {
                "type": "git",
                "url": "https://github.com/squizlabs/PHP_CodeSniffer.git",
                "reference": "df764a1604607ea61c4eeea5410666e27cb37a8b"
            },
            "dist": {
                "type": "zip",
                "url": "https://api.github.com/repos/squizlabs/PHP_CodeSniffer/zipball/df764a1604607ea61c4eeea5410666e27cb37a8b",
                "reference": "df764a1604607ea61c4eeea5410666e27cb37a8b",
                "shasum": ""
            },
            "require": {
                "ext-tokenizer": "*",
                "php": ">=5.1.2"
            },
            "suggest": {
                "phpunit/php-timer": "dev-master"
            },
            "bin": [
                "scripts/phpcs"
            ],
            "type": "library",
            "autoload": {
                "classmap": [
                    "CodeSniffer.php",
                    "CodeSniffer/CLI.php",
                    "CodeSniffer/Exception.php",
                    "CodeSniffer/File.php",
                    "CodeSniffer/MultiFileSniff.php",
                    "CodeSniffer/Report.php",
                    "CodeSniffer/Reporting.php",
                    "CodeSniffer/Sniff.php",
                    "CodeSniffer/Tokens.php",
                    "CodeSniffer/Reports/",
                    "CodeSniffer/CommentParser/",
                    "CodeSniffer/Tokenizers/",
                    "CodeSniffer/DocGenerators/",
                    "CodeSniffer/Standards/AbstractPatternSniff.php",
                    "CodeSniffer/Standards/AbstractScopeSniff.php",
                    "CodeSniffer/Standards/AbstractVariableSniff.php",
                    "CodeSniffer/Standards/IncorrectPatternException.php",
                    "CodeSniffer/Standards/Generic/Sniffs/",
                    "CodeSniffer/Standards/MySource/Sniffs/",
                    "CodeSniffer/Standards/PEAR/Sniffs/",
                    "CodeSniffer/Standards/PSR1/Sniffs/",
                    "CodeSniffer/Standards/PSR2/Sniffs/",
                    "CodeSniffer/Standards/Squiz/Sniffs/",
                    "CodeSniffer/Standards/Zend/Sniffs/"
                ]
            },
            "notification-url": "https://packagist.org/downloads/",
            "license": [
                "BSD-3-Clause"
            ],
            "authors": [
                {
                    "name": "Greg Sherwood",
                    "role": "lead"
                }
            ],
            "description": "PHP_CodeSniffer tokenises PHP, JavaScript and CSS files and detects violations of a defined set of coding standards.",
            "homepage": "http://www.squizlabs.com/php-codesniffer",
            "keywords": [
                "phpcs",
                "standards"
            ],
            "time": "2013-09-26 00:08:21"
        },
        {
            "name": "symfony/console",
            "version": "v2.3.6",
            "target-dir": "Symfony/Component/Console",
            "source": {
                "type": "git",
                "url": "https://github.com/symfony/Console.git",
                "reference": "f880062d56edefb25b36f2defa65aafe65959dc7"
            },
            "dist": {
                "type": "zip",
                "url": "https://api.github.com/repos/symfony/Console/zipball/f880062d56edefb25b36f2defa65aafe65959dc7",
                "reference": "f880062d56edefb25b36f2defa65aafe65959dc7",
                "shasum": ""
            },
            "require": {
                "php": ">=5.3.3"
            },
            "require-dev": {
                "symfony/event-dispatcher": "~2.1"
            },
            "suggest": {
                "symfony/event-dispatcher": ""
            },
            "type": "library",
            "extra": {
                "branch-alias": {
                    "dev-master": "2.3-dev"
                }
            },
            "autoload": {
                "psr-0": {
                    "Symfony\\Component\\Console\\": ""
                }
            },
            "notification-url": "https://packagist.org/downloads/",
            "license": [
                "MIT"
            ],
            "authors": [
                {
                    "name": "Fabien Potencier",
                    "email": "fabien@symfony.com"
                },
                {
                    "name": "Symfony Community",
                    "homepage": "http://symfony.com/contributors"
                }
            ],
            "description": "Symfony Console Component",
            "homepage": "http://symfony.com",
            "time": "2013-09-25 06:04:15"
        },
        {
            "name": "symfony/filesystem",
            "version": "v2.3.6",
            "target-dir": "Symfony/Component/Filesystem",
            "source": {
                "type": "git",
                "url": "https://github.com/symfony/Filesystem.git",
                "reference": "2b8995042086c5552c94d33b5553c492e9cfc00e"
            },
            "dist": {
                "type": "zip",
                "url": "https://api.github.com/repos/symfony/Filesystem/zipball/2b8995042086c5552c94d33b5553c492e9cfc00e",
                "reference": "2b8995042086c5552c94d33b5553c492e9cfc00e",
                "shasum": ""
            },
            "require": {
                "php": ">=5.3.3"
            },
            "type": "library",
            "extra": {
                "branch-alias": {
                    "dev-master": "2.3-dev"
                }
            },
            "autoload": {
                "psr-0": {
                    "Symfony\\Component\\Filesystem\\": ""
                }
            },
            "notification-url": "https://packagist.org/downloads/",
            "license": [
                "MIT"
            ],
            "authors": [
                {
                    "name": "Fabien Potencier",
                    "email": "fabien@symfony.com"
                },
                {
                    "name": "Symfony Community",
                    "homepage": "http://symfony.com/contributors"
                }
            ],
            "description": "Symfony Filesystem Component",
            "homepage": "http://symfony.com",
            "time": "2013-09-19 09:45:20"
        },
        {
            "name": "symfony/finder",
            "version": "v2.1.4",
            "target-dir": "Symfony/Component/Finder",
            "source": {
                "type": "git",
                "url": "https://github.com/symfony/Finder.git",
                "reference": "24e814560125249010dd08717f4d17079c061e98"
            },
            "dist": {
                "type": "zip",
                "url": "https://api.github.com/repos/symfony/Finder/zipball/24e814560125249010dd08717f4d17079c061e98",
                "reference": "24e814560125249010dd08717f4d17079c061e98",
                "shasum": ""
            },
            "require": {
                "php": ">=5.3.3"
            },
            "type": "library",
            "extra": {
                "branch-alias": {
                    "dev-master": "2.1-dev"
                }
            },
            "autoload": {
                "psr-0": {
                    "Symfony\\Component\\Finder": ""
                }
            },
            "notification-url": "https://packagist.org/downloads/",
            "license": [
                "MIT"
            ],
            "authors": [
                {
                    "name": "Fabien Potencier",
                    "email": "fabien@symfony.com"
                },
                {
                    "name": "Symfony Community",
                    "homepage": "http://symfony.com/contributors"
                }
            ],
            "description": "Symfony Finder Component",
            "homepage": "http://symfony.com",
            "time": "2012-11-08 09:51:48"
        },
        {
            "name": "symfony/yaml",
            "version": "v2.3.6",
            "target-dir": "Symfony/Component/Yaml",
            "source": {
                "type": "git",
                "url": "https://github.com/symfony/Yaml.git",
                "reference": "6bb881b948368482e1abf1a75c08bcf88a1c5fc3"
            },
            "dist": {
                "type": "zip",
                "url": "https://api.github.com/repos/symfony/Yaml/zipball/6bb881b948368482e1abf1a75c08bcf88a1c5fc3",
                "reference": "6bb881b948368482e1abf1a75c08bcf88a1c5fc3",
                "shasum": ""
            },
            "require": {
                "php": ">=5.3.3"
            },
            "type": "library",
            "extra": {
                "branch-alias": {
                    "dev-master": "2.3-dev"
                }
            },
            "autoload": {
                "psr-0": {
                    "Symfony\\Component\\Yaml\\": ""
                }
            },
            "notification-url": "https://packagist.org/downloads/",
            "license": [
                "MIT"
            ],
            "authors": [
                {
                    "name": "Fabien Potencier",
                    "email": "fabien@symfony.com"
                },
                {
                    "name": "Symfony Community",
                    "homepage": "http://symfony.com/contributors"
                }
            ],
            "description": "Symfony Yaml Component",
            "homepage": "http://symfony.com",
            "time": "2013-09-22 18:04:39"
        },
        {
            "name": "twig/twig",
            "version": "v1.14.2",
            "source": {
                "type": "git",
                "url": "https://github.com/fabpot/Twig.git",
                "reference": "ca445842fcea4f844d68203ffa2d00f5e3cdea64"
            },
            "dist": {
                "type": "zip",
                "url": "https://api.github.com/repos/fabpot/Twig/zipball/ca445842fcea4f844d68203ffa2d00f5e3cdea64",
                "reference": "ca445842fcea4f844d68203ffa2d00f5e3cdea64",
                "shasum": ""
            },
            "require": {
                "php": ">=5.2.4"
            },
            "type": "library",
            "extra": {
                "branch-alias": {
                    "dev-master": "1.14-dev"
                }
            },
            "autoload": {
                "psr-0": {
                    "Twig_": "lib/"
                }
            },
            "notification-url": "https://packagist.org/downloads/",
            "license": [
                "BSD-3-Clause"
            ],
            "authors": [
                {
                    "name": "Fabien Potencier",
                    "email": "fabien@symfony.com"
                },
                {
                    "name": "Armin Ronacher",
                    "email": "armin.ronacher@active-4.com"
                }
            ],
            "description": "Twig, the flexible, fast, and secure template language for PHP",
            "homepage": "http://twig.sensiolabs.org",
            "keywords": [
                "templating"
            ],
            "time": "2013-10-30 08:20:53"
        }
    ],
    "packages-dev": [

    ],
    "aliases": [

    ],
    "minimum-stability": "stable",
    "stability-flags": {
        "asm89/twig-lint": 20
    },
    "platform": [

    ],
    "platform-dev": [

    ]
}
